PODS:
  - camera_macos (0.0.1):
    - FlutterMacOS
  - device_info_plus (0.0.1):
    - FlutterMacOS
  - flutter_blue_plus_darwin (0.0.2):
    - Flutter
    - FlutterMacOS
  - flutter_tts (0.0.1):
    - FlutterMacOS
  - FlutterMacOS (1.0.0)
  - shared_preferences_foundation (0.0.1):
    - Flutter
    - FlutterMacOS
  - url_launcher_macos (0.0.1):
    - FlutterMacOS

DEPENDENCIES:
  - camera_macos (from `Flutter/ephemeral/.symlinks/plugins/camera_macos/macos`)
  - device_info_plus (from `Flutter/ephemeral/.symlinks/plugins/device_info_plus/macos`)
  - flutter_blue_plus_darwin (from `Flutter/ephemeral/.symlinks/plugins/flutter_blue_plus_darwin/darwin`)
  - flutter_tts (from `Flutter/ephemeral/.symlinks/plugins/flutter_tts/macos`)
  - FlutterMacOS (from `Flutter/ephemeral`)
  - shared_preferences_foundation (from `Flutter/ephemeral/.symlinks/plugins/shared_preferences_foundation/darwin`)
  - url_launcher_macos (from `Flutter/ephemeral/.symlinks/plugins/url_launcher_macos/macos`)

EXTERNAL SOURCES:
  camera_macos:
    :path: Flutter/ephemeral/.symlinks/plugins/camera_macos/macos
  device_info_plus:
    :path: Flutter/ephemeral/.symlinks/plugins/device_info_plus/macos
  flutter_blue_plus_darwin:
    :path: Flutter/ephemeral/.symlinks/plugins/flutter_blue_plus_darwin/darwin
  flutter_tts:
    :path: Flutter/ephemeral/.symlinks/plugins/flutter_tts/macos
  FlutterMacOS:
    :path: Flutter/ephemeral
  shared_preferences_foundation:
    :path: Flutter/ephemeral/.symlinks/plugins/shared_preferences_foundation/darwin
  url_launcher_macos:
    :path: Flutter/ephemeral/.symlinks/plugins/url_launcher_macos/macos

SPEC CHECKSUMS:
  camera_macos: 0ab4293522557e2773cb26fec27891bdf198e88d
  device_info_plus: 1b14eed9bf95428983aed283a8d51cce3d8c4215
  flutter_blue_plus_darwin: 904ed52825285a15f60e9d90312337a09f11a785
  flutter_tts: 64651204e5d276ffea5a910f942d5e9785a96085
  FlutterMacOS: d0db08ddef1a9af05a5ec4b724367152bb0500b1
  shared_preferences_foundation: 5086985c1d43c5ba4d5e69a4e8083a389e2909e6
  url_launcher_macos: 175a54c831f4375a6cf895875f716ee5af3888ce

PODFILE CHECKSUM: 54d867c82ac51cbd61b565781b9fada492027009

COCOAPODS: 1.16.2
